
Microsoft Visual Studio Solution File, Format Version 11.00
# Visual Studio 2010
Project("{00000000-0000-0000-0000-000000000000}") = "DotNetNuke.Authentication.ActiveDirectory", "DotNetNuke.Authentication.ActiveDirectory.vbproj", "{89975073-0072-42AA-902B-31EBE7B21526}"
EndProject
Global
	GlobalSection(SolutionConfigurationPlatforms) = preSolution
		Debug|Any CPU = Debug|Any CPU
		Release|Any CPU = Release|Any CPU
	EndGlobalSection
	GlobalSection(ProjectConfigurationPlatforms) = postSolution
		{89975073-0072-42AA-902B-31EBE7B21526}.Debug|Any CPU.ActiveCfg = Debug|Any CPU
		{89975073-0072-42AA-902B-31EBE7B21526}.Debug|Any CPU.Build.0 = Debug|Any CPU
		{89975073-0072-42AA-902B-31EBE7B21526}.Release|Any CPU.ActiveCfg = Release|Any CPU
		{89975073-0072-42AA-902B-31EBE7B21526}.Release|Any CPU.Build.0 = Release|Any CPU
	EndGlobalSection
	GlobalSection(SolutionProperties) = preSolution
		HideSolutionNode = FALSE
	EndGlobalSection
EndGlobal
